
Microsoft Visual Studio Solution File, Format Version 12.00
# Visual Studio Version 17
VisualStudioVersion = 17.3.32929.385
MinimumVisualStudioVersion = 10.0.40219.1
Project("{FAE04EC0-301F-11D3-BF4B-00C04F79EFBC}") = "Test1", "Test1.csproj", "{5AB18C75-29FD-421C-AC59-D19D88970991}"
EndProject
Project("{FAE04EC0-301F-11D3-BF4B-00C04F79EFBC}") = "Test1.Tests", "..\Test1.Tests\Test1.Tests.csproj", "{765C18EE-870D-43B8-9420-A66CE81B43E3}"
EndProject
Global
	GlobalSection(SolutionConfigurationPlatforms) = preSolution
		Debug|Any CPU = Debug|Any CPU
		Release|Any CPU = Release|Any CPU
	EndGlobalSection
	GlobalSection(ProjectConfigurationPlatforms) = postSolution
		{5AB18C75-29FD-421C-AC59-D19D88970991}.Debug|Any CPU.ActiveCfg = Debug|Any CPU
		{5AB18C75-29FD-421C-AC59-D19D88970991}.Debug|Any CPU.Build.0 = Debug|Any CPU
		{5AB18C75-29FD-421C-AC59-D19D88970991}.Release|Any CPU.ActiveCfg = Release|Any CPU
		{5AB18C75-29FD-421C-AC59-D19D88970991}.Release|Any CPU.Build.0 = Release|Any CPU
		{765C18EE-870D-43B8-9420-A66CE81B43E3}.Debug|Any CPU.ActiveCfg = Debug|Any CPU
		{765C18EE-870D-43B8-9420-A66CE81B43E3}.Debug|Any CPU.Build.0 = Debug|Any CPU
		{765C18EE-870D-43B8-9420-A66CE81B43E3}.Release|Any CPU.ActiveCfg = Release|Any CPU
		{765C18EE-870D-43B8-9420-A66CE81B43E3}.Release|Any CPU.Build.0 = Release|Any CPU
	EndGlobalSection
	GlobalSection(SolutionProperties) = preSolution
		HideSolutionNode = FALSE
	EndGlobalSection
	GlobalSection(ExtensibilityGlobals) = postSolution
		SolutionGuid = {D82A2DE4-C6EC-462D-B2FD-EDA3C3FA3052}
	EndGlobalSection
EndGlobal
